# This file was autogenerated by Stack.
# You should not edit this file by hand.
# For more information, please see the documentation at:
#   https://docs.haskellstack.org/en/stable/lock_files

packages:
- completed:
    hackage: telegram-bot-simple-0.5.2@sha256:206838373ce21e06dcb06390b39f7d2c3229438aa852d49bf0b2e79684e9acd4,4988
    pantry-tree:
      size: 2375
      sha256: f0a62a1b59df8f408312d320286d188031cf8cfe1b3d91d1dcfa5e06f214fd46
  original:
    hackage: telegram-bot-simple-0.5.2
snapshots:
- completed:
    size: 619164
    url: https://raw.githubusercontent.com/commercialhaskell/stackage-snapshots/master/lts/19/18.yaml
    sha256: 65b9809265860e085b4f61d4eb00d5d73e41190693620385a69cc9d9df7a901d
  original: lts-19.18
